
Microsoft Visual Studio Solution File, Format Version 12.00
# Visual Studio Version 17
VisualStudioVersion = 17.9.34310.174
MinimumVisualStudioVersion = 10.0.40219.1
Project("{FAE04EC0-301F-11D3-BF4B-00C04F79EFBC}") = "server", "server\server.csproj", "{14DABEB3-ED27-4B57-A1DC-236CCDC3FC05}"
EndProject
Global
	GlobalSection(SolutionConfigurationPlatforms) = preSolution
		Debug|Any CPU = Debug|Any CPU
		Release|Any CPU = Release|Any CPU
	EndGlobalSection
	GlobalSection(ProjectConfigurationPlatforms) = postSolution
		{14DABEB3-ED27-4B57-A1DC-236CCDC3FC05}.Debug|Any CPU.ActiveCfg = Debug|Any CPU
		{14DABEB3-ED27-4B57-A1DC-236CCDC3FC05}.Debug|Any CPU.Build.0 = Debug|Any CPU
		{14DABEB3-ED27-4B57-A1DC-236CCDC3FC05}.Release|Any CPU.ActiveCfg = Release|Any CPU
		{14DABEB3-ED27-4B57-A1DC-236CCDC3FC05}.Release|Any CPU.Build.0 = Release|Any CPU
	EndGlobalSection
	GlobalSection(SolutionProperties) = preSolution
		HideSolutionNode = FALSE
	EndGlobalSection
	GlobalSection(ExtensibilityGlobals) = postSolution
		SolutionGuid = {6107C82C-BF34-4233-8FFC-EA8504BF77D5}
	EndGlobalSection
EndGlobal
